# THIS IS AN AUTOGENERATED FILE. DO NOT EDIT THIS FILE DIRECTLY.
# yarn lockfile v1


"@xmldom/xmldom@^0.8.10":
  version "0.8.10"
  resolved "https://registry.yarnpkg.com/@xmldom/xmldom/-/xmldom-0.8.10.tgz#a1337ca426aa61cef9fe15b5b28e340a72f6fa99"
  integrity sha512-2WALfTl4xo2SkGCYRt6rDTFfk9R1czmBvUQy12gK2KuRKIpWEhcbbzy8EZXtz/jkRqHX8bFEc6FC1HjX4TUWYw==

html-to-json-parser@^2.0.1:
  version "2.0.1"
  resolved "https://registry.yarnpkg.com/html-to-json-parser/-/html-to-json-parser-2.0.1.tgz#dcda69d0e6ff56a6be83432b4a4e18fcfda49da9"
  integrity sha512-M5m9PnTRbIQCSpj13mecIUThKgWnxDhjEYCjo2PgadXUbYhvJsjY/tyf5AeJDnw0/UPRVAh85VzCxH1bXEX9rw==
  dependencies:
    "@xmldom/xmldom" "^0.8.10"

lodash@^4.17.21:
  version "4.17.21"
  resolved "https://registry.yarnpkg.com/lodash/-/lodash-4.17.21.tgz#679591c564c3bffaae8454cf0b3df370c3d6911c"
  integrity sha512-v2kDEe57lecTulaDIuNTPy3Ry4gLGJ6Z1O3vE1krgXZNrsQ+LFTGHVxVjcXPs17LhbZVGedAJv8XZ1tvj5FvSg==

minimist@^1.2.8:
  version "1.2.8"
  resolved "https://registry.npmjs.org/minimist/-/minimist-1.2.8.tgz"
  integrity sha512-2yyAR8qBkN3YuheJanUpWC5U3bb5osDywNB8RzDVlDwDHbocAJveqqj1u8+SVD7jkWT4yvsHCpWqqWqAxb0zCA==

sax@^1.2.4:
  version "1.4.1"
  resolved "https://registry.npmjs.org/sax/-/sax-1.4.1.tgz"
  integrity sha512-+aWOz7yVScEGoKNd4PA10LZ8sk0A/z5+nXQG5giUO5rprX9jgYsTdov9qCchZiPIZezbZH+jRut8nPodFAX4Jg==

simple-xml-to-json@^1.2.3:
  version "1.2.3"
  resolved "https://registry.yarnpkg.com/simple-xml-to-json/-/simple-xml-to-json-1.2.3.tgz#79c7188ff99ae209a267b70ee0db06b0e4597787"
  integrity sha512-kWJDCr9EWtZ+/EYYM5MareWj2cRnZGF93YDNpH4jQiHB+hBIZnfPFSQiVMzZOdk+zXWqTZ/9fTeQNu2DqeiudA==

xml-js@^1.6.11:
  version "1.6.11"
  resolved "https://registry.npmjs.org/xml-js/-/xml-js-1.6.11.tgz"
  integrity sha512-7rVi2KMfwfWFl+GpPg6m80IVMWXLRjO+PxTq7V2CDhoGak0wzYzFgUY2m4XJ47OGdXd8eLE8EmwfAmdjw7lC1g==
  dependencies:
    sax "^1.2.4"
